
Microsoft Visual Studio Solution File, Format Version 12.00
# Visual Studio Version 16
VisualStudioVersion = 16.0.29920.165
MinimumVisualStudioVersion = 10.0.40219.1
Project("{FAE04EC0-301F-11D3-BF4B-00C04F79EFBC}") = "13033", "13033\13033.csproj", "{DBE0255C-8F60-4DD2-9231-433DA4EF0DE9}"
EndProject
Global
	GlobalSection(SolutionConfigurationPlatforms) = preSolution
		Debug|Any CPU = Debug|Any CPU
		Release|Any CPU = Release|Any CPU
	EndGlobalSection
	GlobalSection(ProjectConfigurationPlatforms) = postSolution
		{DBE0255C-8F60-4DD2-9231-433DA4EF0DE9}.Debug|Any CPU.ActiveCfg = Debug|Any CPU
		{DBE0255C-8F60-4DD2-9231-433DA4EF0DE9}.Debug|Any CPU.Build.0 = Debug|Any CPU
		{DBE0255C-8F60-4DD2-9231-433DA4EF0DE9}.Debug|Any CPU.Deploy.0 = Debug|Any CPU
		{DBE0255C-8F60-4DD2-9231-433DA4EF0DE9}.Release|Any CPU.ActiveCfg = Release|Any CPU
		{DBE0255C-8F60-4DD2-9231-433DA4EF0DE9}.Release|Any CPU.Build.0 = Release|Any CPU
		{DBE0255C-8F60-4DD2-9231-433DA4EF0DE9}.Release|Any CPU.Deploy.0 = Release|Any CPU
	EndGlobalSection
	GlobalSection(SolutionProperties) = preSolution
		HideSolutionNode = FALSE
	EndGlobalSection
	GlobalSection(ExtensibilityGlobals) = postSolution
		SolutionGuid = {5288F6FF-5EF7-4A2F-818B-539EFE38A032}
	EndGlobalSection
EndGlobal
